{
  "originHash" : "66342ea5e840a46e08eccc9b88ebcc0f52fefe38dd4deed6e7c3ba7cb0bd2be5",
  "pins" : [
    {
      "identity" : "suite",
      "kind" : "remoteSourceControl",
      "location" : "https://github.com/ios-tooling/Suite",
      "state" : {
        "revision" : "7f96be5fc5d8b36dfd8379c5a76d504a293a61a9",
        "version" : "1.2.26"
      }
    },
    {
      "identity" : "swift-syntax",
      "kind" : "remoteSourceControl",
      "location" : "https://github.com/apple/swift-syntax",
      "state" : {
        "revision" : "0687f71944021d616d34d922343dcef086855920",
        "version" : "600.0.1"
      }
    }
  ],
  "version" : 3
}
